
Microsoft Visual Studio Solution File, Format Version 12.00
# Visual Studio Version 17
VisualStudioVersion = 17.9.34622.214
MinimumVisualStudioVersion = 10.0.40219.1
Project("{9A19103F-16F7-4668-BE54-9A1E7A4F7556}") = "BootCamp2024.Api", "BootCamp2024.Api\BootCamp2024.Api.csproj", "{B4E04D09-947E-4080-AB74-32AECAB30FDB}"
	ProjectSection(ProjectDependencies) = postProject
		{7E602198-EA62-437E-9B69-A61C25843F13} = {7E602198-EA62-437E-9B69-A61C25843F13}
		{F131D1BE-4EF4-4B3E-A82E-1E2A0C157D9A} = {F131D1BE-4EF4-4B3E-A82E-1E2A0C157D9A}
	EndProjectSection
EndProject
Project("{9A19103F-16F7-4668-BE54-9A1E7A4F7556}") = "BootCamp2024.Service", "BootCamp2024.Service\BootCamp2024.Service.csproj", "{7E602198-EA62-437E-9B69-A61C25843F13}"
	ProjectSection(ProjectDependencies) = postProject
		{F131D1BE-4EF4-4B3E-A82E-1E2A0C157D9A} = {F131D1BE-4EF4-4B3E-A82E-1E2A0C157D9A}
		{FD3BC8A7-0DFE-427D-9E07-51BA254D5C8B} = {FD3BC8A7-0DFE-427D-9E07-51BA254D5C8B}
	EndProjectSection
EndProject
Project("{9A19103F-16F7-4668-BE54-9A1E7A4F7556}") = "BootCamp2024.Repository", "BootCamp2024.Repository\BootCamp2024.Repository.csproj", "{FD3BC8A7-0DFE-427D-9E07-51BA254D5C8B}"
	ProjectSection(ProjectDependencies) = postProject
		{F131D1BE-4EF4-4B3E-A82E-1E2A0C157D9A} = {F131D1BE-4EF4-4B3E-A82E-1E2A0C157D9A}
	EndProjectSection
EndProject
Project("{9A19103F-16F7-4668-BE54-9A1E7A4F7556}") = "BootCamp2024.Domain", "BootCamp2024.Domain\BootCamp2024.Domain.csproj", "{F131D1BE-4EF4-4B3E-A82E-1E2A0C157D9A}"
EndProject
Project("{2150E333-8FDC-42A3-9474-1A3956D46DE8}") = "Unit Tests", "Unit Tests", "{9DEC740C-A22C-42D6-9773-EBEA8B5A1972}"
EndProject
Project("{2150E333-8FDC-42A3-9474-1A3956D46DE8}") = "Integration Tests", "Integration Tests", "{0357B618-FB77-422D-8CAC-80D112E420C1}"
EndProject
Project("{9A19103F-16F7-4668-BE54-9A1E7A4F7556}") = "BootCamp2024.IntegrationTests", "BootCamp2024.IntegrationTests\BootCamp2024.IntegrationTests.csproj", "{6124F952-B78E-436D-8264-AB5C5652FAF4}"
EndProject
Project("{2150E333-8FDC-42A3-9474-1A3956D46DE8}") = "Controllers", "Controllers", "{89923F40-C330-4325-B0F3-3BB813D65F09}"
EndProject
Project("{2150E333-8FDC-42A3-9474-1A3956D46DE8}") = "Extensions", "Extensions", "{88AB42C0-8E1A-4F83-9DFC-9A6D9A6F61CC}"
EndProject
Project("{9A19103F-16F7-4668-BE54-9A1E7A4F7556}") = "BootCamp2024.UnitTests.Extensions", "BootCamp2024.UnitTests.Extensions\BootCamp2024.UnitTests.Extensions.csproj", "{64D48C8C-2E7F-47C9-AE42-2C788814E556}"
	ProjectSection(ProjectDependencies) = postProject
		{F131D1BE-4EF4-4B3E-A82E-1E2A0C157D9A} = {F131D1BE-4EF4-4B3E-A82E-1E2A0C157D9A}
	EndProjectSection
EndProject
Project("{FAE04EC0-301F-11D3-BF4B-00C04F79EFBC}") = "BootCamp2024.UnitTests.Controllers", "BootCamp2024.UnitTests.Controllers\BootCamp2024.UnitTests.Controllers.csproj", "{AA21D4EB-4CD7-4E01-A8B7-49957D960BC0}"
EndProject
Project("{2150E333-8FDC-42A3-9474-1A3956D46DE8}") = "Repositories", "Repositories", "{E0D2BC3E-52FA-48F7-AB8A-09ADB1335254}"
EndProject
Project("{FAE04EC0-301F-11D3-BF4B-00C04F79EFBC}") = "BootCamp2024.UnitTests.Repositories", "BootCamp2024.UnitTests.Repositories\BootCamp2024.UnitTests.Repositories.csproj", "{2721B03A-73C4-4BDA-94C8-6FFD9466090D}"
EndProject
Global
	GlobalSection(SolutionConfigurationPlatforms) = preSolution
		Debug|Any CPU = Debug|Any CPU
		Release|Any CPU = Release|Any CPU
	EndGlobalSection
	GlobalSection(ProjectConfigurationPlatforms) = postSolution
		{B4E04D09-947E-4080-AB74-32AECAB30FDB}.Debug|Any CPU.ActiveCfg = Debug|Any CPU
		{B4E04D09-947E-4080-AB74-32AECAB30FDB}.Debug|Any CPU.Build.0 = Debug|Any CPU
		{B4E04D09-947E-4080-AB74-32AECAB30FDB}.Release|Any CPU.ActiveCfg = Release|Any CPU
		{B4E04D09-947E-4080-AB74-32AECAB30FDB}.Release|Any CPU.Build.0 = Release|Any CPU
		{7E602198-EA62-437E-9B69-A61C25843F13}.Debug|Any CPU.ActiveCfg = Debug|Any CPU
		{7E602198-EA62-437E-9B69-A61C25843F13}.Debug|Any CPU.Build.0 = Debug|Any CPU
		{7E602198-EA62-437E-9B69-A61C25843F13}.Release|Any CPU.ActiveCfg = Release|Any CPU
		{7E602198-EA62-437E-9B69-A61C25843F13}.Release|Any CPU.Build.0 = Release|Any CPU
		{FD3BC8A7-0DFE-427D-9E07-51BA254D5C8B}.Debug|Any CPU.ActiveCfg = Debug|Any CPU
		{FD3BC8A7-0DFE-427D-9E07-51BA254D5C8B}.Debug|Any CPU.Build.0 = Debug|Any CPU
		{FD3BC8A7-0DFE-427D-9E07-51BA254D5C8B}.Release|Any CPU.ActiveCfg = Release|Any CPU
		{FD3BC8A7-0DFE-427D-9E07-51BA254D5C8B}.Release|Any CPU.Build.0 = Release|Any CPU
		{F131D1BE-4EF4-4B3E-A82E-1E2A0C157D9A}.Debug|Any CPU.ActiveCfg = Debug|Any CPU
		{F131D1BE-4EF4-4B3E-A82E-1E2A0C157D9A}.Debug|Any CPU.Build.0 = Debug|Any CPU
		{F131D1BE-4EF4-4B3E-A82E-1E2A0C157D9A}.Release|Any CPU.ActiveCfg = Release|Any CPU
		{F131D1BE-4EF4-4B3E-A82E-1E2A0C157D9A}.Release|Any CPU.Build.0 = Release|Any CPU
		{6124F952-B78E-436D-8264-AB5C5652FAF4}.Debug|Any CPU.ActiveCfg = Debug|Any CPU
		{6124F952-B78E-436D-8264-AB5C5652FAF4}.Debug|Any CPU.Build.0 = Debug|Any CPU
		{6124F952-B78E-436D-8264-AB5C5652FAF4}.Release|Any CPU.ActiveCfg = Release|Any CPU
		{6124F952-B78E-436D-8264-AB5C5652FAF4}.Release|Any CPU.Build.0 = Release|Any CPU
		{64D48C8C-2E7F-47C9-AE42-2C788814E556}.Debug|Any CPU.ActiveCfg = Debug|Any CPU
		{64D48C8C-2E7F-47C9-AE42-2C788814E556}.Debug|Any CPU.Build.0 = Debug|Any CPU
		{64D48C8C-2E7F-47C9-AE42-2C788814E556}.Release|Any CPU.ActiveCfg = Release|Any CPU
		{64D48C8C-2E7F-47C9-AE42-2C788814E556}.Release|Any CPU.Build.0 = Release|Any CPU
		{AA21D4EB-4CD7-4E01-A8B7-49957D960BC0}.Debug|Any CPU.ActiveCfg = Debug|Any CPU
		{AA21D4EB-4CD7-4E01-A8B7-49957D960BC0}.Debug|Any CPU.Build.0 = Debug|Any CPU
		{AA21D4EB-4CD7-4E01-A8B7-49957D960BC0}.Release|Any CPU.ActiveCfg = Release|Any CPU
		{AA21D4EB-4CD7-4E01-A8B7-49957D960BC0}.Release|Any CPU.Build.0 = Release|Any CPU
		{2721B03A-73C4-4BDA-94C8-6FFD9466090D}.Debug|Any CPU.ActiveCfg = Debug|Any CPU
		{2721B03A-73C4-4BDA-94C8-6FFD9466090D}.Debug|Any CPU.Build.0 = Debug|Any CPU
		{2721B03A-73C4-4BDA-94C8-6FFD9466090D}.Release|Any CPU.ActiveCfg = Release|Any CPU
		{2721B03A-73C4-4BDA-94C8-6FFD9466090D}.Release|Any CPU.Build.0 = Release|Any CPU
	EndGlobalSection
	GlobalSection(SolutionProperties) = preSolution
		HideSolutionNode = FALSE
	EndGlobalSection
	GlobalSection(NestedProjects) = preSolution
		{6124F952-B78E-436D-8264-AB5C5652FAF4} = {0357B618-FB77-422D-8CAC-80D112E420C1}
		{89923F40-C330-4325-B0F3-3BB813D65F09} = {9DEC740C-A22C-42D6-9773-EBEA8B5A1972}
		{88AB42C0-8E1A-4F83-9DFC-9A6D9A6F61CC} = {9DEC740C-A22C-42D6-9773-EBEA8B5A1972}
		{64D48C8C-2E7F-47C9-AE42-2C788814E556} = {88AB42C0-8E1A-4F83-9DFC-9A6D9A6F61CC}
		{AA21D4EB-4CD7-4E01-A8B7-49957D960BC0} = {89923F40-C330-4325-B0F3-3BB813D65F09}
		{E0D2BC3E-52FA-48F7-AB8A-09ADB1335254} = {9DEC740C-A22C-42D6-9773-EBEA8B5A1972}
		{2721B03A-73C4-4BDA-94C8-6FFD9466090D} = {E0D2BC3E-52FA-48F7-AB8A-09ADB1335254}
	EndGlobalSection
	GlobalSection(ExtensibilityGlobals) = postSolution
		SolutionGuid = {C7432D4E-2D05-46B5-8C5C-6D3EC4FC8E4F}
	EndGlobalSection
EndGlobal
